
Microsoft Visual Studio Solution File, Format Version 12.00
# Visual Studio 15
VisualStudioVersion = 15.0.28307.271
MinimumVisualStudioVersion = 10.0.40219.1
Project("{FAE04EC0-301F-11D3-BF4B-00C04F79EFBC}") = "Hello World", "Hello World\Hello World.csproj", "{A86AD296-AA45-4CEA-A6FA-BA4B58FE4EAF}"
EndProject
Project("{FAE04EC0-301F-11D3-BF4B-00C04F79EFBC}") = "HelloWorldSpring19.Test", "HelloWorldSpring19.Test\HelloWorldSpring19.Test.csproj", "{E3744F76-6B84-4D2F-AE3E-26D1380905C3}"
EndProject
Global
	GlobalSection(SolutionConfigurationPlatforms) = preSolution
		Debug|Any CPU = Debug|Any CPU
		Release|Any CPU = Release|Any CPU
	EndGlobalSection
	GlobalSection(ProjectConfigurationPlatforms) = postSolution
		{A86AD296-AA45-4CEA-A6FA-BA4B58FE4EAF}.Debug|Any CPU.ActiveCfg = Debug|Any CPU
		{A86AD296-AA45-4CEA-A6FA-BA4B58FE4EAF}.Debug|Any CPU.Build.0 = Debug|Any CPU
		{A86AD296-AA45-4CEA-A6FA-BA4B58FE4EAF}.Release|Any CPU.ActiveCfg = Release|Any CPU
		{A86AD296-AA45-4CEA-A6FA-BA4B58FE4EAF}.Release|Any CPU.Build.0 = Release|Any CPU
		{E3744F76-6B84-4D2F-AE3E-26D1380905C3}.Debug|Any CPU.ActiveCfg = Debug|Any CPU
		{E3744F76-6B84-4D2F-AE3E-26D1380905C3}.Debug|Any CPU.Build.0 = Debug|Any CPU
		{E3744F76-6B84-4D2F-AE3E-26D1380905C3}.Release|Any CPU.ActiveCfg = Release|Any CPU
		{E3744F76-6B84-4D2F-AE3E-26D1380905C3}.Release|Any CPU.Build.0 = Release|Any CPU
	EndGlobalSection
	GlobalSection(SolutionProperties) = preSolution
		HideSolutionNode = FALSE
	EndGlobalSection
	GlobalSection(ExtensibilityGlobals) = postSolution
		SolutionGuid = {C70E7D3E-C977-4FF0-A34B-3F640A018BA3}
	EndGlobalSection
EndGlobal
